<?xml version="1.0" encoding="utf-8"?>
<Project xmlns="http://schemas.microsoft.com/developer/msbuild/2003">
  <ItemGroup>
    <Filter Include="Form Files">
      <UniqueIdentifier>{99349809-55BA-4b9d-BF79-8FDBB0286EB3}</UniqueIdentifier>
      <Extensions>ui</Extensions>
      <ParseFiles>false</ParseFiles>
    </Filter>
    <Filter Include="Form Files">
      <UniqueIdentifier>{99349809-55BA-4b9d-BF79-8FDBB0286EB3}</UniqueIdentifier>
      <Extensions>ui</Extensions>
      <ParseFiles>false</ParseFiles>
    </Filter>
    <Filter Include="Generated Files">
      <UniqueIdentifier>{71ED8ED8-ACB9-4CE9-BBE1-E00B30144E11}</UniqueIdentifier>
      <Extensions>cpp;c;cxx;moc;h;def;odl;idl;res;</Extensions>
    </Filter>
    <Filter Include="Generated Files">
      <UniqueIdentifier>{71ED8ED8-ACB9-4CE9-BBE1-E00B30144E11}</UniqueIdentifier>
      <Extensions>cpp;c;cxx;moc;h;def;odl;idl;res;</Extensions>
    </Filter>
    <Filter Include="Header Files">
      <UniqueIdentifier>{93995380-89BD-4b04-88EB-625FBE52EBFB}</UniqueIdentifier>
      <Extensions>h;hpp;hxx;hm;inl;inc;xsd</Extensions>
    </Filter>
    <Filter Include="Header Files">
      <UniqueIdentifier>{93995380-89BD-4b04-88EB-625FBE52EBFB}</UniqueIdentifier>
      <Extensions>h;hpp;hxx;hm;inl;inc;xsd</Extensions>
    </Filter>
    <Filter Include="Source Files">
      <UniqueIdentifier>{4FC737F1-C7A5-4376-A066-2A32D752A2FF}</UniqueIdentifier>
      <Extensions>cpp;c;cxx;def;odl;idl;hpj;bat;asm;asmx</Extensions>
    </Filter>
    <Filter Include="Source Files">
      <UniqueIdentifier>{4FC737F1-C7A5-4376-A066-2A32D752A2FF}</UniqueIdentifier>
      <Extensions>cpp;c;cxx;def;odl;idl;hpj;bat;asm;asmx</Extensions>
    </Filter>
    <Filter Include="Source Files\自定义控件">
      <UniqueIdentifier>{a27a9996-e6b5-4934-91f0-d3d2189fd7ff}</UniqueIdentifier>
    </Filter>
    <Filter Include="Header Files\自定义控件">
      <UniqueIdentifier>{0e25d6c6-b50d-4868-8d05-fbaeee1b2ade}</UniqueIdentifier>
    </Filter>
    <Filter Include="Header Files\网络">
      <UniqueIdentifier>{a876e196-007d-44ef-8960-86382f18ffdd}</UniqueIdentifier>
    </Filter>
    <Filter Include="Source Files\网络">
      <UniqueIdentifier>{37cee380-72a4-4b64-adc8-476b4d8ebb40}</UniqueIdentifier>
    </Filter>
  </ItemGroup>
  <ItemGroup>
    <ClCompile Include="main.cpp">
      <Filter>Source Files</Filter>
    </ClCompile>
    <ClCompile Include="mainwindow.cpp">
      <Filter>Source Files</Filter>
    </ClCompile>
    <ClCompile Include="mylayerwnd.cpp">
      <Filter>Source Files</Filter>
    </ClCompile>
    <ClCompile Include="mymeasureparameter.cpp">
      <Filter>Source Files</Filter>
    </ClCompile>
    <ClCompile Include="structuraldata.cpp">
      <Filter>Source Files</Filter>
    </ClCompile>
    <ClCompile Include="structuralwidget.cpp">
      <Filter>Source Files</Filter>
    </ClCompile>
    <ClCompile Include="wndsingle.cpp">
      <Filter>Source Files</Filter>
    </ClCompile>
    <ClCompile Include="mycheckbox.cpp">
      <Filter>Source Files\自定义控件</Filter>
    </ClCompile>
    <ClCompile Include="mycombobox.cpp">
      <Filter>Source Files\自定义控件</Filter>
    </ClCompile>
    <ClCompile Include="mylineedit.cpp">
      <Filter>Source Files\自定义控件</Filter>
    </ClCompile>
    <ClCompile Include="myradiobutton.cpp">
      <Filter>Source Files\自定义控件</Filter>
    </ClCompile>
    <ClCompile Include="mytextreportwidget.cpp">
      <Filter>Source Files\自定义控件</Filter>
    </ClCompile>
    <ClCompile Include="CLabelSplitLayout.cpp">
      <Filter>Source Files\自定义控件</Filter>
    </ClCompile>
    <ClCompile Include="clickablelabel.cpp">
      <Filter>Source Files\自定义控件</Filter>
    </ClCompile>
    <ClCompile Include="CNetWork.cpp">
      <Filter>Source Files\网络</Filter>
    </ClCompile>
    <ClCompile Include="cnetworkaccessmanager.cpp">
      <Filter>Source Files\网络</Filter>
    </ClCompile>
    <ClCompile Include="mygroup.cpp">
      <Filter>Source Files\自定义控件</Filter>
    </ClCompile>
    <ClCompile Include="qsinglelinewidget.cpp">
      <Filter>Source Files\自定义控件</Filter>
    </ClCompile>
    <ClCompile Include="parse_thread.cpp">
      <Filter>Generated Files</Filter>
    </ClCompile>
    <ClCompile Include="ctemplatemanage.cpp">
      <Filter>Source Files</Filter>
    </ClCompile>
  </ItemGroup>
  <ItemGroup>
    <QtMoc Include="mainwindow.h">
      <Filter>Header Files</Filter>
    </QtMoc>
    <ClInclude Include="mylayerwnd.h">
      <Filter>Header Files</Filter>
    </ClInclude>
    <ClInclude Include="mymeasureparameter.h">
      <Filter>Header Files</Filter>
    </ClInclude>
    <ClInclude Include="structdef.h">
      <Filter>Header Files</Filter>
    </ClInclude>
    <ClInclude Include="structuraldata.h">
      <Filter>Header Files</Filter>
    </ClInclude>
    <QtMoc Include="structuralwidget.h">
      <Filter>Header Files</Filter>
    </QtMoc>
    <ClInclude Include="wndsingle.h">
      <Filter>Header Files</Filter>
    </ClInclude>
    <ClInclude Include="mycombobox.h">
      <Filter>Header Files\自定义控件</Filter>
    </ClInclude>
    <ClInclude Include="mylineedit.h">
      <Filter>Header Files\自定义控件</Filter>
    </ClInclude>
    <ClInclude Include="CLabelSplitLayout.h">
      <Filter>Header Files\自定义控件</Filter>
    </ClInclude>
    <QtMoc Include="cnetworkaccessmanager.h">
      <Filter>Header Files\网络</Filter>
    </QtMoc>
    <QtMoc Include="mygroup.h">
      <Filter>Header Files\自定义控件</Filter>
    </QtMoc>
    <QtMoc Include="qsinglelinewidget.h">
      <Filter>Header Files\自定义控件</Filter>
    </QtMoc>
    <QtMoc Include="parse_thread.h">
      <Filter>Generated Files</Filter>
    </QtMoc>
    <QtMoc Include="ctemplatemanage.h">
      <Filter>Header Files</Filter>
    </QtMoc>
  </ItemGroup>
  <ItemGroup>
    <CustomBuild Include="debug\moc_predefs.h.cbt">
      <Filter>Generated Files</Filter>
    </CustomBuild>
    <CustomBuild Include="release\moc_predefs.h.cbt">
      <Filter>Generated Files</Filter>
    </CustomBuild>
  </ItemGroup>
  <ItemGroup>
    <QtUic Include="mainwindow.ui">
      <Filter>Form Files</Filter>
    </QtUic>
    <QtUic Include="structuralwidget.ui">
      <Filter>Form Files</Filter>
    </QtUic>
  </ItemGroup>
  <ItemGroup>
    <QtMoc Include="mycheckbox.h">
      <Filter>Header Files\自定义控件</Filter>
    </QtMoc>
    <QtMoc Include="myradiobutton.h">
      <Filter>Header Files\自定义控件</Filter>
    </QtMoc>
    <QtMoc Include="mytextreportwidget.h">
      <Filter>Header Files\自定义控件</Filter>
    </QtMoc>
    <QtMoc Include="clickablelabel.h">
      <Filter>Header Files\自定义控件</Filter>
    </QtMoc>
  </ItemGroup>
  <ItemGroup>
    <ClInclude Include="CNetWork.h">
      <Filter>Header Files\网络</Filter>
    </ClInclude>
  </ItemGroup>
</Project>